
Microsoft Visual Studio Solution File, Format Version 12.00
# Visual Studio 14
VisualStudioVersion = 14.0.25123.0
MinimumVisualStudioVersion = 10.0.40219.1
Project("{2150E333-8FDC-42A3-9474-1A3956D46DE8}") = "Roles", "Roles", "{5ACF2C7D-2E5A-48C2-A2D3-114C10331CC9}"
EndProject
Project("{2150E333-8FDC-42A3-9474-1A3956D46DE8}") = "Libraries", "Libraries", "{2747A625-FBAA-4C70-9073-91D51BE96B28}"
EndProject
Project("{2150E333-8FDC-42A3-9474-1A3956D46DE8}") = "Core", "Core", "{A0AECF85-4535-44E1-9191-3780463D2A97}"
EndProject
Project("{2150E333-8FDC-42A3-9474-1A3956D46DE8}") = "Solution Items", "Solution Items", "{AD35D56E-9FA7-4923-9B97-22C543CA5E7A}"
	ProjectSection(SolutionItems) = preProject
		SolutionReadMe.txt = SolutionReadMe.txt
	EndProjectSection
EndProject
Project("{FAE04EC0-301F-11D3-BF4B-00C04F79EFBC}") = "DataSource", "..\..\src\Core\DataSource\DataSource.csproj", "{3773D82B-F9F4-4D9A-907E-3BD2E5CBDF55}"
EndProject
Project("{FAE04EC0-301F-11D3-BF4B-00C04F79EFBC}") = "FetchDiagnostics", "..\..\src\Core\FetchDiagnostics\FetchDiagnostics.csproj", "{F99548E8-95A5-4E41-A303-781651432F43}"
EndProject
Project("{FAE04EC0-301F-11D3-BF4B-00C04F79EFBC}") = "FetchConfigProvider", "..\..\src\Libraries\FetchConfigProvider\FetchConfigProvider.csproj", "{20F6738F-0655-4C08-BD2D-53A6F621206A}"
EndProject
Project("{FAE04EC0-301F-11D3-BF4B-00C04F79EFBC}") = "JobManager", "..\..\src\Service\JobManager\JobManager.csproj", "{A40EC650-4D32-4B36-A204-1D7F805A49E1}"
EndProject
Project("{FAE04EC0-301F-11D3-BF4B-00C04F79EFBC}") = "FetchWorker", "..\..\src\Service\FetchWorker\FetchWorker.csproj", "{A0A7DC23-2AA4-44D7-B9DB-1211C16E7379}"
EndProject
Project("{FAE04EC0-301F-11D3-BF4B-00C04F79EFBC}") = "Frontend", "..\..\src\Service\Frontend\Frontend.csproj", "{23261D05-5D07-4453-93A3-EFC20D009558}"
EndProject
Project("{FAE04EC0-301F-11D3-BF4B-00C04F79EFBC}") = "RemoteFetch", "..\..\src\Service\RemoteFetch\RemoteFetch.csproj", "{8AE6B2F9-E06A-47DA-896D-99E80A3915F9}"
EndProject
Project("{FAE04EC0-301F-11D3-BF4B-00C04F79EFBC}") = "FetchRequestDmitrovDataSet", "..\..\src\Libraries\FetchRequestDmitrovDataSet\FetchRequestDmitrovDataSet.csproj", "{207C0CFE-6307-4CFC-B890-EA2DFED55B88}"
EndProject
Project("{FAE04EC0-301F-11D3-BF4B-00C04F79EFBC}") = "AzureBlobDataSet", "..\..\src\Libraries\AzureBlobDataSet\AzureBlobDataSet.csproj", "{203BD1D2-822E-44C3-A0A4-12DD6FE5147E}"
EndProject
Project("{FAE04EC0-301F-11D3-BF4B-00C04F79EFBC}") = "FetchCore", "..\..\src\Core\FetchCommon\FetchCore.csproj", "{BB21AD9B-37C3-4120-8AC5-236153A85E89}"
EndProject
Project("{FAE04EC0-301F-11D3-BF4B-00C04F79EFBC}") = "FetchStructures", "..\..\src\Libraries\FetchRequest\FetchStructures.csproj", "{C5BB5E4F-A9E8-41E0-BC8B-FBECC24F8E27}"
EndProject
Project("{FAE04EC0-301F-11D3-BF4B-00C04F79EFBC}") = "ServiceLogs", "..\..\src\Service\ServiceLogs\ServiceLogs.csproj", "{83DAF40A-E450-4770-ABD7-434D2ABD994A}"
EndProject
Project("{CC5FD16D-436D-48AD-A40C-5A424C6E3E79}") = "AzureDeployment.2.7", "..\..\src\AzureDeployment.2.7\AzureDeployment.2.7.ccproj", "{6019C03D-926A-406D-911B-41FA0D894A35}"
EndProject
Project("{FAE04EC0-301F-11D3-BF4B-00C04F79EFBC}") = "AssemblyStore", "..\..\src\Libraries\AzureGAC\AssemblyStore.csproj", "{4FDDF3C1-12E2-497C-8A71-669666300154}"
EndProject
Global
	GlobalSection(SolutionConfigurationPlatforms) = preSolution
		CodePlex|Any CPU = CodePlex|Any CPU
		Debug|Any CPU = Debug|Any CPU
		Release|Any CPU = Release|Any CPU
	EndGlobalSection
	GlobalSection(ProjectConfigurationPlatforms) = postSolution
		{3773D82B-F9F4-4D9A-907E-3BD2E5CBDF55}.CodePlex|Any CPU.ActiveCfg = Release|Any CPU
		{3773D82B-F9F4-4D9A-907E-3BD2E5CBDF55}.CodePlex|Any CPU.Build.0 = Release|Any CPU
		{3773D82B-F9F4-4D9A-907E-3BD2E5CBDF55}.Debug|Any CPU.ActiveCfg = Debug|Any CPU
		{3773D82B-F9F4-4D9A-907E-3BD2E5CBDF55}.Debug|Any CPU.Build.0 = Debug|Any CPU
		{3773D82B-F9F4-4D9A-907E-3BD2E5CBDF55}.Release|Any CPU.ActiveCfg = Release|Any CPU
		{3773D82B-F9F4-4D9A-907E-3BD2E5CBDF55}.Release|Any CPU.Build.0 = Release|Any CPU
		{F99548E8-95A5-4E41-A303-781651432F43}.CodePlex|Any CPU.ActiveCfg = Release|Any CPU
		{F99548E8-95A5-4E41-A303-781651432F43}.CodePlex|Any CPU.Build.0 = Release|Any CPU
		{F99548E8-95A5-4E41-A303-781651432F43}.Debug|Any CPU.ActiveCfg = Debug|Any CPU
		{F99548E8-95A5-4E41-A303-781651432F43}.Debug|Any CPU.Build.0 = Debug|Any CPU
		{F99548E8-95A5-4E41-A303-781651432F43}.Release|Any CPU.ActiveCfg = Release|Any CPU
		{F99548E8-95A5-4E41-A303-781651432F43}.Release|Any CPU.Build.0 = Release|Any CPU
		{20F6738F-0655-4C08-BD2D-53A6F621206A}.CodePlex|Any CPU.ActiveCfg = Release|Any CPU
		{20F6738F-0655-4C08-BD2D-53A6F621206A}.CodePlex|Any CPU.Build.0 = Release|Any CPU
		{20F6738F-0655-4C08-BD2D-53A6F621206A}.Debug|Any CPU.ActiveCfg = Debug|Any CPU
		{20F6738F-0655-4C08-BD2D-53A6F621206A}.Debug|Any CPU.Build.0 = Debug|Any CPU
		{20F6738F-0655-4C08-BD2D-53A6F621206A}.Release|Any CPU.ActiveCfg = Release|Any CPU
		{20F6738F-0655-4C08-BD2D-53A6F621206A}.Release|Any CPU.Build.0 = Release|Any CPU
		{A40EC650-4D32-4B36-A204-1D7F805A49E1}.CodePlex|Any CPU.ActiveCfg = Release|Any CPU
		{A40EC650-4D32-4B36-A204-1D7F805A49E1}.CodePlex|Any CPU.Build.0 = Release|Any CPU
		{A40EC650-4D32-4B36-A204-1D7F805A49E1}.Debug|Any CPU.ActiveCfg = Debug|Any CPU
		{A40EC650-4D32-4B36-A204-1D7F805A49E1}.Debug|Any CPU.Build.0 = Debug|Any CPU
		{A40EC650-4D32-4B36-A204-1D7F805A49E1}.Release|Any CPU.ActiveCfg = Release|Any CPU
		{A40EC650-4D32-4B36-A204-1D7F805A49E1}.Release|Any CPU.Build.0 = Release|Any CPU
		{A0A7DC23-2AA4-44D7-B9DB-1211C16E7379}.CodePlex|Any CPU.ActiveCfg = Release|Any CPU
		{A0A7DC23-2AA4-44D7-B9DB-1211C16E7379}.Debug|Any CPU.ActiveCfg = Debug|Any CPU
		{A0A7DC23-2AA4-44D7-B9DB-1211C16E7379}.Debug|Any CPU.Build.0 = Debug|Any CPU
		{A0A7DC23-2AA4-44D7-B9DB-1211C16E7379}.Release|Any CPU.ActiveCfg = Release|Any CPU
		{A0A7DC23-2AA4-44D7-B9DB-1211C16E7379}.Release|Any CPU.Build.0 = Release|Any CPU
		{23261D05-5D07-4453-93A3-EFC20D009558}.CodePlex|Any CPU.ActiveCfg = Release|Any CPU
		{23261D05-5D07-4453-93A3-EFC20D009558}.CodePlex|Any CPU.Build.0 = Release|Any CPU
		{23261D05-5D07-4453-93A3-EFC20D009558}.Debug|Any CPU.ActiveCfg = Debug|Any CPU
		{23261D05-5D07-4453-93A3-EFC20D009558}.Debug|Any CPU.Build.0 = Debug|Any CPU
		{23261D05-5D07-4453-93A3-EFC20D009558}.Release|Any CPU.ActiveCfg = Release|Any CPU
		{23261D05-5D07-4453-93A3-EFC20D009558}.Release|Any CPU.Build.0 = Release|Any CPU
		{8AE6B2F9-E06A-47DA-896D-99E80A3915F9}.CodePlex|Any CPU.ActiveCfg = Release|Any CPU
		{8AE6B2F9-E06A-47DA-896D-99E80A3915F9}.CodePlex|Any CPU.Build.0 = Release|Any CPU
		{8AE6B2F9-E06A-47DA-896D-99E80A3915F9}.Debug|Any CPU.ActiveCfg = Debug|Any CPU
		{8AE6B2F9-E06A-47DA-896D-99E80A3915F9}.Debug|Any CPU.Build.0 = Debug|Any CPU
		{8AE6B2F9-E06A-47DA-896D-99E80A3915F9}.Release|Any CPU.ActiveCfg = Release|Any CPU
		{8AE6B2F9-E06A-47DA-896D-99E80A3915F9}.Release|Any CPU.Build.0 = Release|Any CPU
		{207C0CFE-6307-4CFC-B890-EA2DFED55B88}.CodePlex|Any CPU.ActiveCfg = Release|Any CPU
		{207C0CFE-6307-4CFC-B890-EA2DFED55B88}.CodePlex|Any CPU.Build.0 = Release|Any CPU
		{207C0CFE-6307-4CFC-B890-EA2DFED55B88}.Debug|Any CPU.ActiveCfg = Debug|Any CPU
		{207C0CFE-6307-4CFC-B890-EA2DFED55B88}.Debug|Any CPU.Build.0 = Debug|Any CPU
		{207C0CFE-6307-4CFC-B890-EA2DFED55B88}.Release|Any CPU.ActiveCfg = Release|Any CPU
		{207C0CFE-6307-4CFC-B890-EA2DFED55B88}.Release|Any CPU.Build.0 = Release|Any CPU
		{203BD1D2-822E-44C3-A0A4-12DD6FE5147E}.CodePlex|Any CPU.ActiveCfg = Release|Any CPU
		{203BD1D2-822E-44C3-A0A4-12DD6FE5147E}.CodePlex|Any CPU.Build.0 = Release|Any CPU
		{203BD1D2-822E-44C3-A0A4-12DD6FE5147E}.Debug|Any CPU.ActiveCfg = Debug|Any CPU
		{203BD1D2-822E-44C3-A0A4-12DD6FE5147E}.Debug|Any CPU.Build.0 = Debug|Any CPU
		{203BD1D2-822E-44C3-A0A4-12DD6FE5147E}.Release|Any CPU.ActiveCfg = Release|Any CPU
		{203BD1D2-822E-44C3-A0A4-12DD6FE5147E}.Release|Any CPU.Build.0 = Release|Any CPU
		{BB21AD9B-37C3-4120-8AC5-236153A85E89}.CodePlex|Any CPU.ActiveCfg = Release|Any CPU
		{BB21AD9B-37C3-4120-8AC5-236153A85E89}.CodePlex|Any CPU.Build.0 = Release|Any CPU
		{BB21AD9B-37C3-4120-8AC5-236153A85E89}.Debug|Any CPU.ActiveCfg = Debug|Any CPU
		{BB21AD9B-37C3-4120-8AC5-236153A85E89}.Debug|Any CPU.Build.0 = Debug|Any CPU
		{BB21AD9B-37C3-4120-8AC5-236153A85E89}.Release|Any CPU.ActiveCfg = Release|Any CPU
		{BB21AD9B-37C3-4120-8AC5-236153A85E89}.Release|Any CPU.Build.0 = Release|Any CPU
		{C5BB5E4F-A9E8-41E0-BC8B-FBECC24F8E27}.CodePlex|Any CPU.ActiveCfg = Release|Any CPU
		{C5BB5E4F-A9E8-41E0-BC8B-FBECC24F8E27}.CodePlex|Any CPU.Build.0 = Release|Any CPU
		{C5BB5E4F-A9E8-41E0-BC8B-FBECC24F8E27}.Debug|Any CPU.ActiveCfg = Debug|Any CPU
		{C5BB5E4F-A9E8-41E0-BC8B-FBECC24F8E27}.Debug|Any CPU.Build.0 = Debug|Any CPU
		{C5BB5E4F-A9E8-41E0-BC8B-FBECC24F8E27}.Release|Any CPU.ActiveCfg = Release|Any CPU
		{C5BB5E4F-A9E8-41E0-BC8B-FBECC24F8E27}.Release|Any CPU.Build.0 = Release|Any CPU
		{83DAF40A-E450-4770-ABD7-434D2ABD994A}.CodePlex|Any CPU.ActiveCfg = Release|Any CPU
		{83DAF40A-E450-4770-ABD7-434D2ABD994A}.CodePlex|Any CPU.Build.0 = Release|Any CPU
		{83DAF40A-E450-4770-ABD7-434D2ABD994A}.Debug|Any CPU.ActiveCfg = Debug|Any CPU
		{83DAF40A-E450-4770-ABD7-434D2ABD994A}.Debug|Any CPU.Build.0 = Debug|Any CPU
		{83DAF40A-E450-4770-ABD7-434D2ABD994A}.Release|Any CPU.ActiveCfg = Release|Any CPU
		{83DAF40A-E450-4770-ABD7-434D2ABD994A}.Release|Any CPU.Build.0 = Release|Any CPU
		{6019C03D-926A-406D-911B-41FA0D894A35}.CodePlex|Any CPU.ActiveCfg = Release|Any CPU
		{6019C03D-926A-406D-911B-41FA0D894A35}.CodePlex|Any CPU.Build.0 = Release|Any CPU
		{6019C03D-926A-406D-911B-41FA0D894A35}.Debug|Any CPU.ActiveCfg = Debug|Any CPU
		{6019C03D-926A-406D-911B-41FA0D894A35}.Debug|Any CPU.Build.0 = Debug|Any CPU
		{6019C03D-926A-406D-911B-41FA0D894A35}.Release|Any CPU.ActiveCfg = Release|Any CPU
		{6019C03D-926A-406D-911B-41FA0D894A35}.Release|Any CPU.Build.0 = Release|Any CPU
		{4FDDF3C1-12E2-497C-8A71-669666300154}.CodePlex|Any CPU.ActiveCfg = Release|Any CPU
		{4FDDF3C1-12E2-497C-8A71-669666300154}.CodePlex|Any CPU.Build.0 = Release|Any CPU
		{4FDDF3C1-12E2-497C-8A71-669666300154}.Debug|Any CPU.ActiveCfg = Debug|Any CPU
		{4FDDF3C1-12E2-497C-8A71-669666300154}.Debug|Any CPU.Build.0 = Debug|Any CPU
		{4FDDF3C1-12E2-497C-8A71-669666300154}.Release|Any CPU.ActiveCfg = Release|Any CPU
		{4FDDF3C1-12E2-497C-8A71-669666300154}.Release|Any CPU.Build.0 = Release|Any CPU
	EndGlobalSection
	GlobalSection(SolutionProperties) = preSolution
		HideSolutionNode = FALSE
	EndGlobalSection
	GlobalSection(NestedProjects) = preSolution
		{3773D82B-F9F4-4D9A-907E-3BD2E5CBDF55} = {A0AECF85-4535-44E1-9191-3780463D2A97}
		{F99548E8-95A5-4E41-A303-781651432F43} = {A0AECF85-4535-44E1-9191-3780463D2A97}
		{20F6738F-0655-4C08-BD2D-53A6F621206A} = {A0AECF85-4535-44E1-9191-3780463D2A97}
		{A40EC650-4D32-4B36-A204-1D7F805A49E1} = {2747A625-FBAA-4C70-9073-91D51BE96B28}
		{A0A7DC23-2AA4-44D7-B9DB-1211C16E7379} = {5ACF2C7D-2E5A-48C2-A2D3-114C10331CC9}
		{23261D05-5D07-4453-93A3-EFC20D009558} = {5ACF2C7D-2E5A-48C2-A2D3-114C10331CC9}
		{8AE6B2F9-E06A-47DA-896D-99E80A3915F9} = {A0AECF85-4535-44E1-9191-3780463D2A97}
		{207C0CFE-6307-4CFC-B890-EA2DFED55B88} = {2747A625-FBAA-4C70-9073-91D51BE96B28}
		{203BD1D2-822E-44C3-A0A4-12DD6FE5147E} = {2747A625-FBAA-4C70-9073-91D51BE96B28}
		{BB21AD9B-37C3-4120-8AC5-236153A85E89} = {A0AECF85-4535-44E1-9191-3780463D2A97}
		{C5BB5E4F-A9E8-41E0-BC8B-FBECC24F8E27} = {2747A625-FBAA-4C70-9073-91D51BE96B28}
		{83DAF40A-E450-4770-ABD7-434D2ABD994A} = {2747A625-FBAA-4C70-9073-91D51BE96B28}
		{4FDDF3C1-12E2-497C-8A71-669666300154} = {2747A625-FBAA-4C70-9073-91D51BE96B28}
	EndGlobalSection
EndGlobal
