
Microsoft Visual Studio Solution File, Format Version 12.00
# Visual Studio 14
VisualStudioVersion = 14.0.25123.0
MinimumVisualStudioVersion = 10.0.40219.1
Project("{2150E333-8FDC-42A3-9474-1A3956D46DE8}") = "FinalDataHandlers", "FinalDataHandlers", "{D6A4F10D-47A8-448C-BC0D-B98BAAC8827B}"
EndProject
Project("{2150E333-8FDC-42A3-9474-1A3956D46DE8}") = "Libraries", "Libraries", "{B2AF8824-52EC-41DF-880E-331FD4AF529A}"
EndProject
Project("{2150E333-8FDC-42A3-9474-1A3956D46DE8}") = "Tests", "Tests", "{1F67E193-5B75-4196-B29D-A8F02A9101D2}"
EndProject
Project("{2150E333-8FDC-42A3-9474-1A3956D46DE8}") = "Core", "Core", "{B6DDEBBF-8EBD-40A2-9D00-38CF581189CD}"
EndProject
Project("{FAE04EC0-301F-11D3-BF4B-00C04F79EFBC}") = "BRAZILmodelDataSource", "..\..\src\DataHandlers\BRAZILmodelDataSource\BRAZILmodelDataSource.csproj", "{FE1E6A23-35E4-43B3-B654-24246EF459BD}"
EndProject
Project("{FAE04EC0-301F-11D3-BF4B-00C04F79EFBC}") = "CPCDataSource", "..\..\src\DataHandlers\CPCDataSource\CPCDataSource.csproj", "{2F4509C0-545C-4A58-85FD-30EE0E37412D}"
EndProject
Project("{FAE04EC0-301F-11D3-BF4B-00C04F79EFBC}") = "CRUCL2DataSource", "..\..\src\DataHandlers\CRUCL2DataSource\CRUCL2DataSource.csproj", "{2F15247F-A3DE-40A3-BFFB-48F8463C7EEB}"
EndProject
Project("{FAE04EC0-301F-11D3-BF4B-00C04F79EFBC}") = "ETOPO1DataSource", "..\..\src\DataHandlers\ETOPO1DataSource\ETOPO1DataSource.csproj", "{B0B9A3EF-0010-408C-8CBA-04A48A9209B9}"
EndProject
Project("{F2A71F9B-5D33-465A-A702-920D77279786}") = "FC1LegacySupport", "..\..\src\DataHandlers\FC1LegacySupport\FC1LegacySupport.fsproj", "{62F5465F-4A33-4A36-849D-2AACE896CDD6}"
EndProject
Project("{FAE04EC0-301F-11D3-BF4B-00C04F79EFBC}") = "GFDLDataSource", "..\..\src\DataHandlers\GFDLDataSource\GFDLDataSource.csproj", "{2D09646B-4420-4EF7-A0C7-D4DA4E6FBC71}"
EndProject
Project("{FAE04EC0-301F-11D3-BF4B-00C04F79EFBC}") = "GTOPO30DataSource", "..\..\src\DataHandlers\GTOPO30DataSource\GTOPO30DataSource.csproj", "{E59AD189-7484-40B5-AB58-62B2D17DA660}"
EndProject
Project("{FAE04EC0-301F-11D3-BF4B-00C04F79EFBC}") = "HADCM3DataSource", "..\..\src\DataHandlers\HADCM3DataSource\HADCM3DataSource.csproj", "{CCF88D30-286C-46D4-835D-DF92C12F3E2B}"
EndProject
Project("{F2A71F9B-5D33-465A-A702-920D77279786}") = "LandFilterDataSource", "..\..\src\DataHandlers\LandFilterDataSource\LandFilterDataSource.fsproj", "{EB924AF8-1312-4258-AE8D-5188FBC2CF97}"
EndProject
Project("{F2A71F9B-5D33-465A-A702-920D77279786}") = "MalmstromPET", "..\..\src\DataHandlers\MalmstromPET\MalmstromPET.fsproj", "{5808CFD9-DF8E-4873-AF58-99BB4F11AE18}"
EndProject
Project("{FAE04EC0-301F-11D3-BF4B-00C04F79EFBC}") = "MLDDataSource", "..\..\src\DataHandlers\MDLDataSource\MLDDataSource.csproj", "{CBF2F736-6162-4416-A373-4955E9723562}"
EndProject
Project("{FAE04EC0-301F-11D3-BF4B-00C04F79EFBC}") = "NCEPDataSource", "..\..\src\DataHandlers\NCEPDataSource\NCEPDataSource.csproj", "{31386E31-56C8-462D-A6FB-09C879FA1B0F}"
EndProject
Project("{F2A71F9B-5D33-465A-A702-920D77279786}") = "WagnerWVSP", "..\..\src\DataHandlers\WagnerWVSP\WagnerWVSP.fsproj", "{AAD334B2-50A6-458E-8815-0D320E30C94D}"
EndProject
Project("{FAE04EC0-301F-11D3-BF4B-00C04F79EFBC}") = "WorldClim14DataSource", "..\..\src\DataHandlers\WorldClim14DataSource\WorldClim14DataSource.csproj", "{5135FDC4-25DB-4BDA-94B8-B7ADD0A11A4D}"
EndProject
Project("{F088123C-0E9E-452A-89E6-6BA2F21D5CAC}") = "DataHandlersModel", "..\..\src\DataHandlers\Model\DataHandlersModel.modelproj", "{FF05CE91-941C-4D04-8DDA-9FFA26D8F6A1}"
EndProject
Project("{F2A71F9B-5D33-465A-A702-920D77279786}") = "StatUtilitiesTests", "..\..\src\TestProjects\StatUtilitiesTests\StatUtilitiesTests.fsproj", "{762A60A6-2E05-4BF4-AB85-D64DB1DD3C46}"
EndProject
Project("{F2A71F9B-5D33-465A-A702-920D77279786}") = "VirtualVariablesFsTests", "..\..\src\TestProjects\VirtualVariablesFsTests\VirtualVariablesFsTests.fsproj", "{27995C3C-8244-4805-BC86-E9DA44458096}"
EndProject
Project("{FAE04EC0-301F-11D3-BF4B-00C04F79EFBC}") = "DataHandlersTests", "..\..\src\TestProjects\DataHandlersTests\DataHandlersTests.csproj", "{60EEC367-790A-480A-95C9-2FCD574C57CC}"
EndProject
Project("{F2A71F9B-5D33-465A-A702-920D77279786}") = "FetchClimate2FsTests", "..\..\src\TestProjects\DataHandlersFsTests\FetchClimate2FsTests.fsproj", "{D6203BED-4305-4584-9F97-2D4C43A2604C}"
EndProject
Project("{FAE04EC0-301F-11D3-BF4B-00C04F79EFBC}") = "DataMask", "..\..\src\Libraries\LandOceanMask\DataMask.csproj", "{6C66E53E-EC0D-427C-A8C9-4A59B5AA73D2}"
EndProject
Project("{F2A71F9B-5D33-465A-A702-920D77279786}") = "DataStorageMetadataVariogramStorage", "..\..\src\Libraries\DataStorageMetadataVariogramStorage\DataStorageMetadataVariogramStorage.fsproj", "{BF060A92-162C-4D04-8CB2-90BA348AF6BD}"
EndProject
Project("{FAE04EC0-301F-11D3-BF4B-00C04F79EFBC}") = "DmitrovStorageContext", "..\..\src\Libraries\DmitrovStorageContext\DmitrovStorageContext.csproj", "{45384FB5-E5D6-4D84-AC6B-8CB1EA461458}"
EndProject
Project("{FAE04EC0-301F-11D3-BF4B-00C04F79EFBC}") = "EmbeddedResourceBitMaskProvider", "..\..\src\Libraries\EmbeddedResourceBitMaskProvider\EmbeddedResourceBitMaskProvider.csproj", "{0B4972C7-0E89-4A53-803B-1A2A1B20F246}"
EndProject
Project("{F2A71F9B-5D33-465A-A702-920D77279786}") = "StatUtilities", "..\..\src\Libraries\StatUtilities\StatUtilities.fsproj", "{870334B5-9DC7-453B-8E9F-E9FF227D34F4}"
EndProject
Project("{FAE04EC0-301F-11D3-BF4B-00C04F79EFBC}") = "DataSource", "..\..\src\Core\DataSource\DataSource.csproj", "{3773D82B-F9F4-4D9A-907E-3BD2E5CBDF55}"
EndProject
Project("{FAE04EC0-301F-11D3-BF4B-00C04F79EFBC}") = "FetchDiagnostics", "..\..\src\Core\FetchDiagnostics\FetchDiagnostics.csproj", "{F99548E8-95A5-4E41-A303-781651432F43}"
EndProject
Project("{FAE04EC0-301F-11D3-BF4B-00C04F79EFBC}") = "FetchMath", "..\..\src\Libraries\FetchMath\FetchMath.csproj", "{59A0BAFA-32C0-44F6-A022-B7BA63CB1FC5}"
EndProject
Project("{FAE04EC0-301F-11D3-BF4B-00C04F79EFBC}") = "DataMaskTests", "..\..\src\TestProjects\LandOceanMaskTests\DataMaskTests.csproj", "{2FCB6765-83BC-41E8-895E-6BD5E40F1291}"
EndProject
Project("{FAE04EC0-301F-11D3-BF4B-00C04F79EFBC}") = "GeoMath", "..\..\src\Libraries\GeoMath\GeoMath.csproj", "{F666F6DB-F6A0-4BA7-B619-E4FE26AAE8A8}"
EndProject
Project("{FAE04EC0-301F-11D3-BF4B-00C04F79EFBC}") = "Cryptography", "..\..\src\Libraries\Cryptography\Cryptography.csproj", "{84CECBAA-C2DA-4FAF-AB77-E54688BB2A11}"
EndProject
Project("{2150E333-8FDC-42A3-9474-1A3956D46DE8}") = "Solution Items", "Solution Items", "{66BB11F0-3377-45C2-8EDD-6840A0401E0B}"
EndProject
Project("{FAE04EC0-301F-11D3-BF4B-00C04F79EFBC}") = "FetchCore", "..\..\src\Core\FetchCommon\FetchCore.csproj", "{BB21AD9B-37C3-4120-8AC5-236153A85E89}"
EndProject
Project("{FAE04EC0-301F-11D3-BF4B-00C04F79EFBC}") = "FetchStructures", "..\..\src\Libraries\FetchRequest\FetchStructures.csproj", "{C5BB5E4F-A9E8-41E0-BC8B-FBECC24F8E27}"
EndProject
Project("{FAE04EC0-301F-11D3-BF4B-00C04F79EFBC}") = "CESM1BGCDataSource", "..\..\src\DataHandlers\CESM1BGCDataSource\CESM1BGCDataSource.csproj", "{5E0C79AD-5FEB-4D8E-9316-FB2656A61421}"
EndProject
Project("{FAE04EC0-301F-11D3-BF4B-00C04F79EFBC}") = "NDVIYearly", "..\..\src\DataHandlers\NDVIYearly\NDVIYearly.csproj", "{FD338B65-6888-49F4-81A4-2666C94DC146}"
EndProject
Project("{FAE04EC0-301F-11D3-BF4B-00C04F79EFBC}") = "CropScapeDataSource", "..\..\src\DataHandlers\CropScapeYearly\CropScapeDataSource.csproj", "{4DBE30F1-5425-497B-A2EC-E0A368DFD498}"
EndProject
Project("{FAE04EC0-301F-11D3-BF4B-00C04F79EFBC}") = "FutureClimateDataSource", "..\..\src\FutureClimateDataSource\FutureClimateDataSource.csproj", "{058B8CAB-AFF4-4DC3-AD8A-8528B90A66F7}"
EndProject
Global
	GlobalSection(SolutionConfigurationPlatforms) = preSolution
		CodePlex|Any CPU = CodePlex|Any CPU
		Debug|Any CPU = Debug|Any CPU
		Release|Any CPU = Release|Any CPU
	EndGlobalSection
	GlobalSection(ProjectConfigurationPlatforms) = postSolution
		{FE1E6A23-35E4-43B3-B654-24246EF459BD}.CodePlex|Any CPU.ActiveCfg = Release|Any CPU
		{FE1E6A23-35E4-43B3-B654-24246EF459BD}.CodePlex|Any CPU.Build.0 = Release|Any CPU
		{FE1E6A23-35E4-43B3-B654-24246EF459BD}.Debug|Any CPU.ActiveCfg = Debug|Any CPU
		{FE1E6A23-35E4-43B3-B654-24246EF459BD}.Debug|Any CPU.Build.0 = Debug|Any CPU
		{FE1E6A23-35E4-43B3-B654-24246EF459BD}.Release|Any CPU.ActiveCfg = Release|Any CPU
		{FE1E6A23-35E4-43B3-B654-24246EF459BD}.Release|Any CPU.Build.0 = Release|Any CPU
		{2F4509C0-545C-4A58-85FD-30EE0E37412D}.CodePlex|Any CPU.ActiveCfg = Release|Any CPU
		{2F4509C0-545C-4A58-85FD-30EE0E37412D}.CodePlex|Any CPU.Build.0 = Release|Any CPU
		{2F4509C0-545C-4A58-85FD-30EE0E37412D}.Debug|Any CPU.ActiveCfg = Debug|Any CPU
		{2F4509C0-545C-4A58-85FD-30EE0E37412D}.Debug|Any CPU.Build.0 = Debug|Any CPU
		{2F4509C0-545C-4A58-85FD-30EE0E37412D}.Release|Any CPU.ActiveCfg = Release|Any CPU
		{2F4509C0-545C-4A58-85FD-30EE0E37412D}.Release|Any CPU.Build.0 = Release|Any CPU
		{2F15247F-A3DE-40A3-BFFB-48F8463C7EEB}.CodePlex|Any CPU.ActiveCfg = Release|Any CPU
		{2F15247F-A3DE-40A3-BFFB-48F8463C7EEB}.CodePlex|Any CPU.Build.0 = Release|Any CPU
		{2F15247F-A3DE-40A3-BFFB-48F8463C7EEB}.Debug|Any CPU.ActiveCfg = Debug|Any CPU
		{2F15247F-A3DE-40A3-BFFB-48F8463C7EEB}.Debug|Any CPU.Build.0 = Debug|Any CPU
		{2F15247F-A3DE-40A3-BFFB-48F8463C7EEB}.Release|Any CPU.ActiveCfg = Release|Any CPU
		{2F15247F-A3DE-40A3-BFFB-48F8463C7EEB}.Release|Any CPU.Build.0 = Release|Any CPU
		{B0B9A3EF-0010-408C-8CBA-04A48A9209B9}.CodePlex|Any CPU.ActiveCfg = Release|Any CPU
		{B0B9A3EF-0010-408C-8CBA-04A48A9209B9}.CodePlex|Any CPU.Build.0 = Release|Any CPU
		{B0B9A3EF-0010-408C-8CBA-04A48A9209B9}.Debug|Any CPU.ActiveCfg = Debug|Any CPU
		{B0B9A3EF-0010-408C-8CBA-04A48A9209B9}.Debug|Any CPU.Build.0 = Debug|Any CPU
		{B0B9A3EF-0010-408C-8CBA-04A48A9209B9}.Release|Any CPU.ActiveCfg = Release|Any CPU
		{B0B9A3EF-0010-408C-8CBA-04A48A9209B9}.Release|Any CPU.Build.0 = Release|Any CPU
		{62F5465F-4A33-4A36-849D-2AACE896CDD6}.CodePlex|Any CPU.ActiveCfg = Release|Any CPU
		{62F5465F-4A33-4A36-849D-2AACE896CDD6}.CodePlex|Any CPU.Build.0 = Release|Any CPU
		{62F5465F-4A33-4A36-849D-2AACE896CDD6}.Debug|Any CPU.ActiveCfg = Debug|Any CPU
		{62F5465F-4A33-4A36-849D-2AACE896CDD6}.Debug|Any CPU.Build.0 = Debug|Any CPU
		{62F5465F-4A33-4A36-849D-2AACE896CDD6}.Release|Any CPU.ActiveCfg = Release|Any CPU
		{62F5465F-4A33-4A36-849D-2AACE896CDD6}.Release|Any CPU.Build.0 = Release|Any CPU
		{2D09646B-4420-4EF7-A0C7-D4DA4E6FBC71}.CodePlex|Any CPU.ActiveCfg = Release|Any CPU
		{2D09646B-4420-4EF7-A0C7-D4DA4E6FBC71}.CodePlex|Any CPU.Build.0 = Release|Any CPU
		{2D09646B-4420-4EF7-A0C7-D4DA4E6FBC71}.Debug|Any CPU.ActiveCfg = Debug|Any CPU
		{2D09646B-4420-4EF7-A0C7-D4DA4E6FBC71}.Debug|Any CPU.Build.0 = Debug|Any CPU
		{2D09646B-4420-4EF7-A0C7-D4DA4E6FBC71}.Release|Any CPU.ActiveCfg = Release|Any CPU
		{2D09646B-4420-4EF7-A0C7-D4DA4E6FBC71}.Release|Any CPU.Build.0 = Release|Any CPU
		{E59AD189-7484-40B5-AB58-62B2D17DA660}.CodePlex|Any CPU.ActiveCfg = Release|Any CPU
		{E59AD189-7484-40B5-AB58-62B2D17DA660}.CodePlex|Any CPU.Build.0 = Release|Any CPU
		{E59AD189-7484-40B5-AB58-62B2D17DA660}.Debug|Any CPU.ActiveCfg = Debug|Any CPU
		{E59AD189-7484-40B5-AB58-62B2D17DA660}.Debug|Any CPU.Build.0 = Debug|Any CPU
		{E59AD189-7484-40B5-AB58-62B2D17DA660}.Release|Any CPU.ActiveCfg = Release|Any CPU
		{E59AD189-7484-40B5-AB58-62B2D17DA660}.Release|Any CPU.Build.0 = Release|Any CPU
		{CCF88D30-286C-46D4-835D-DF92C12F3E2B}.CodePlex|Any CPU.ActiveCfg = Release|Any CPU
		{CCF88D30-286C-46D4-835D-DF92C12F3E2B}.CodePlex|Any CPU.Build.0 = Release|Any CPU
		{CCF88D30-286C-46D4-835D-DF92C12F3E2B}.Debug|Any CPU.ActiveCfg = Debug|Any CPU
		{CCF88D30-286C-46D4-835D-DF92C12F3E2B}.Debug|Any CPU.Build.0 = Debug|Any CPU
		{CCF88D30-286C-46D4-835D-DF92C12F3E2B}.Release|Any CPU.ActiveCfg = Release|Any CPU
		{CCF88D30-286C-46D4-835D-DF92C12F3E2B}.Release|Any CPU.Build.0 = Release|Any CPU
		{EB924AF8-1312-4258-AE8D-5188FBC2CF97}.CodePlex|Any CPU.ActiveCfg = Release|Any CPU
		{EB924AF8-1312-4258-AE8D-5188FBC2CF97}.CodePlex|Any CPU.Build.0 = Release|Any CPU
		{EB924AF8-1312-4258-AE8D-5188FBC2CF97}.Debug|Any CPU.ActiveCfg = Debug|Any CPU
		{EB924AF8-1312-4258-AE8D-5188FBC2CF97}.Debug|Any CPU.Build.0 = Debug|Any CPU
		{EB924AF8-1312-4258-AE8D-5188FBC2CF97}.Release|Any CPU.ActiveCfg = Release|Any CPU
		{EB924AF8-1312-4258-AE8D-5188FBC2CF97}.Release|Any CPU.Build.0 = Release|Any CPU
		{5808CFD9-DF8E-4873-AF58-99BB4F11AE18}.CodePlex|Any CPU.ActiveCfg = Release|Any CPU
		{5808CFD9-DF8E-4873-AF58-99BB4F11AE18}.CodePlex|Any CPU.Build.0 = Release|Any CPU
		{5808CFD9-DF8E-4873-AF58-99BB4F11AE18}.Debug|Any CPU.ActiveCfg = Debug|Any CPU
		{5808CFD9-DF8E-4873-AF58-99BB4F11AE18}.Debug|Any CPU.Build.0 = Debug|Any CPU
		{5808CFD9-DF8E-4873-AF58-99BB4F11AE18}.Release|Any CPU.ActiveCfg = Release|Any CPU
		{5808CFD9-DF8E-4873-AF58-99BB4F11AE18}.Release|Any CPU.Build.0 = Release|Any CPU
		{CBF2F736-6162-4416-A373-4955E9723562}.CodePlex|Any CPU.ActiveCfg = Release|Any CPU
		{CBF2F736-6162-4416-A373-4955E9723562}.CodePlex|Any CPU.Build.0 = Release|Any CPU
		{CBF2F736-6162-4416-A373-4955E9723562}.Debug|Any CPU.ActiveCfg = Debug|Any CPU
		{CBF2F736-6162-4416-A373-4955E9723562}.Debug|Any CPU.Build.0 = Debug|Any CPU
		{CBF2F736-6162-4416-A373-4955E9723562}.Release|Any CPU.ActiveCfg = Release|Any CPU
		{CBF2F736-6162-4416-A373-4955E9723562}.Release|Any CPU.Build.0 = Release|Any CPU
		{31386E31-56C8-462D-A6FB-09C879FA1B0F}.CodePlex|Any CPU.ActiveCfg = Release|Any CPU
		{31386E31-56C8-462D-A6FB-09C879FA1B0F}.CodePlex|Any CPU.Build.0 = Release|Any CPU
		{31386E31-56C8-462D-A6FB-09C879FA1B0F}.Debug|Any CPU.ActiveCfg = Debug|Any CPU
		{31386E31-56C8-462D-A6FB-09C879FA1B0F}.Debug|Any CPU.Build.0 = Debug|Any CPU
		{31386E31-56C8-462D-A6FB-09C879FA1B0F}.Release|Any CPU.ActiveCfg = Release|Any CPU
		{31386E31-56C8-462D-A6FB-09C879FA1B0F}.Release|Any CPU.Build.0 = Release|Any CPU
		{AAD334B2-50A6-458E-8815-0D320E30C94D}.CodePlex|Any CPU.ActiveCfg = Release|Any CPU
		{AAD334B2-50A6-458E-8815-0D320E30C94D}.CodePlex|Any CPU.Build.0 = Release|Any CPU
		{AAD334B2-50A6-458E-8815-0D320E30C94D}.Debug|Any CPU.ActiveCfg = Debug|Any CPU
		{AAD334B2-50A6-458E-8815-0D320E30C94D}.Debug|Any CPU.Build.0 = Debug|Any CPU
		{AAD334B2-50A6-458E-8815-0D320E30C94D}.Release|Any CPU.ActiveCfg = Release|Any CPU
		{AAD334B2-50A6-458E-8815-0D320E30C94D}.Release|Any CPU.Build.0 = Release|Any CPU
		{5135FDC4-25DB-4BDA-94B8-B7ADD0A11A4D}.CodePlex|Any CPU.ActiveCfg = Release|Any CPU
		{5135FDC4-25DB-4BDA-94B8-B7ADD0A11A4D}.CodePlex|Any CPU.Build.0 = Release|Any CPU
		{5135FDC4-25DB-4BDA-94B8-B7ADD0A11A4D}.Debug|Any CPU.ActiveCfg = Debug|Any CPU
		{5135FDC4-25DB-4BDA-94B8-B7ADD0A11A4D}.Debug|Any CPU.Build.0 = Debug|Any CPU
		{5135FDC4-25DB-4BDA-94B8-B7ADD0A11A4D}.Release|Any CPU.ActiveCfg = Release|Any CPU
		{5135FDC4-25DB-4BDA-94B8-B7ADD0A11A4D}.Release|Any CPU.Build.0 = Release|Any CPU
		{FF05CE91-941C-4D04-8DDA-9FFA26D8F6A1}.CodePlex|Any CPU.ActiveCfg = Release|Any CPU
		{FF05CE91-941C-4D04-8DDA-9FFA26D8F6A1}.CodePlex|Any CPU.Build.0 = Release|Any CPU
		{FF05CE91-941C-4D04-8DDA-9FFA26D8F6A1}.Debug|Any CPU.ActiveCfg = Debug|Any CPU
		{FF05CE91-941C-4D04-8DDA-9FFA26D8F6A1}.Debug|Any CPU.Build.0 = Debug|Any CPU
		{FF05CE91-941C-4D04-8DDA-9FFA26D8F6A1}.Release|Any CPU.ActiveCfg = Release|Any CPU
		{FF05CE91-941C-4D04-8DDA-9FFA26D8F6A1}.Release|Any CPU.Build.0 = Release|Any CPU
		{762A60A6-2E05-4BF4-AB85-D64DB1DD3C46}.CodePlex|Any CPU.ActiveCfg = Release|Any CPU
		{762A60A6-2E05-4BF4-AB85-D64DB1DD3C46}.CodePlex|Any CPU.Build.0 = Release|Any CPU
		{762A60A6-2E05-4BF4-AB85-D64DB1DD3C46}.Debug|Any CPU.ActiveCfg = Debug|Any CPU
		{762A60A6-2E05-4BF4-AB85-D64DB1DD3C46}.Debug|Any CPU.Build.0 = Debug|Any CPU
		{762A60A6-2E05-4BF4-AB85-D64DB1DD3C46}.Release|Any CPU.ActiveCfg = Release|Any CPU
		{762A60A6-2E05-4BF4-AB85-D64DB1DD3C46}.Release|Any CPU.Build.0 = Release|Any CPU
		{27995C3C-8244-4805-BC86-E9DA44458096}.CodePlex|Any CPU.ActiveCfg = Release|Any CPU
		{27995C3C-8244-4805-BC86-E9DA44458096}.CodePlex|Any CPU.Build.0 = Release|Any CPU
		{27995C3C-8244-4805-BC86-E9DA44458096}.Debug|Any CPU.ActiveCfg = Debug|Any CPU
		{27995C3C-8244-4805-BC86-E9DA44458096}.Debug|Any CPU.Build.0 = Debug|Any CPU
		{27995C3C-8244-4805-BC86-E9DA44458096}.Release|Any CPU.ActiveCfg = Release|Any CPU
		{27995C3C-8244-4805-BC86-E9DA44458096}.Release|Any CPU.Build.0 = Release|Any CPU
		{60EEC367-790A-480A-95C9-2FCD574C57CC}.CodePlex|Any CPU.ActiveCfg = Release|Any CPU
		{60EEC367-790A-480A-95C9-2FCD574C57CC}.CodePlex|Any CPU.Build.0 = Release|Any CPU
		{60EEC367-790A-480A-95C9-2FCD574C57CC}.Debug|Any CPU.ActiveCfg = Debug|Any CPU
		{60EEC367-790A-480A-95C9-2FCD574C57CC}.Debug|Any CPU.Build.0 = Debug|Any CPU
		{60EEC367-790A-480A-95C9-2FCD574C57CC}.Release|Any CPU.ActiveCfg = Release|Any CPU
		{60EEC367-790A-480A-95C9-2FCD574C57CC}.Release|Any CPU.Build.0 = Release|Any CPU
		{D6203BED-4305-4584-9F97-2D4C43A2604C}.CodePlex|Any CPU.ActiveCfg = Release|Any CPU
		{D6203BED-4305-4584-9F97-2D4C43A2604C}.CodePlex|Any CPU.Build.0 = Release|Any CPU
		{D6203BED-4305-4584-9F97-2D4C43A2604C}.Debug|Any CPU.ActiveCfg = Debug|Any CPU
		{D6203BED-4305-4584-9F97-2D4C43A2604C}.Debug|Any CPU.Build.0 = Debug|Any CPU
		{D6203BED-4305-4584-9F97-2D4C43A2604C}.Release|Any CPU.ActiveCfg = Release|Any CPU
		{D6203BED-4305-4584-9F97-2D4C43A2604C}.Release|Any CPU.Build.0 = Release|Any CPU
		{6C66E53E-EC0D-427C-A8C9-4A59B5AA73D2}.CodePlex|Any CPU.ActiveCfg = Release|Any CPU
		{6C66E53E-EC0D-427C-A8C9-4A59B5AA73D2}.CodePlex|Any CPU.Build.0 = Release|Any CPU
		{6C66E53E-EC0D-427C-A8C9-4A59B5AA73D2}.Debug|Any CPU.ActiveCfg = Debug|Any CPU
		{6C66E53E-EC0D-427C-A8C9-4A59B5AA73D2}.Debug|Any CPU.Build.0 = Debug|Any CPU
		{6C66E53E-EC0D-427C-A8C9-4A59B5AA73D2}.Release|Any CPU.ActiveCfg = Release|Any CPU
		{6C66E53E-EC0D-427C-A8C9-4A59B5AA73D2}.Release|Any CPU.Build.0 = Release|Any CPU
		{BF060A92-162C-4D04-8CB2-90BA348AF6BD}.CodePlex|Any CPU.ActiveCfg = Release|Any CPU
		{BF060A92-162C-4D04-8CB2-90BA348AF6BD}.CodePlex|Any CPU.Build.0 = Release|Any CPU
		{BF060A92-162C-4D04-8CB2-90BA348AF6BD}.Debug|Any CPU.ActiveCfg = Debug|Any CPU
		{BF060A92-162C-4D04-8CB2-90BA348AF6BD}.Debug|Any CPU.Build.0 = Debug|Any CPU
		{BF060A92-162C-4D04-8CB2-90BA348AF6BD}.Release|Any CPU.ActiveCfg = Release|Any CPU
		{BF060A92-162C-4D04-8CB2-90BA348AF6BD}.Release|Any CPU.Build.0 = Release|Any CPU
		{45384FB5-E5D6-4D84-AC6B-8CB1EA461458}.CodePlex|Any CPU.ActiveCfg = Release|Any CPU
		{45384FB5-E5D6-4D84-AC6B-8CB1EA461458}.CodePlex|Any CPU.Build.0 = Release|Any CPU
		{45384FB5-E5D6-4D84-AC6B-8CB1EA461458}.Debug|Any CPU.ActiveCfg = Debug|Any CPU
		{45384FB5-E5D6-4D84-AC6B-8CB1EA461458}.Debug|Any CPU.Build.0 = Debug|Any CPU
		{45384FB5-E5D6-4D84-AC6B-8CB1EA461458}.Release|Any CPU.ActiveCfg = Release|Any CPU
		{45384FB5-E5D6-4D84-AC6B-8CB1EA461458}.Release|Any CPU.Build.0 = Release|Any CPU
		{0B4972C7-0E89-4A53-803B-1A2A1B20F246}.CodePlex|Any CPU.ActiveCfg = Release|Any CPU
		{0B4972C7-0E89-4A53-803B-1A2A1B20F246}.CodePlex|Any CPU.Build.0 = Release|Any CPU
		{0B4972C7-0E89-4A53-803B-1A2A1B20F246}.Debug|Any CPU.ActiveCfg = Debug|Any CPU
		{0B4972C7-0E89-4A53-803B-1A2A1B20F246}.Debug|Any CPU.Build.0 = Debug|Any CPU
		{0B4972C7-0E89-4A53-803B-1A2A1B20F246}.Release|Any CPU.ActiveCfg = Release|Any CPU
		{0B4972C7-0E89-4A53-803B-1A2A1B20F246}.Release|Any CPU.Build.0 = Release|Any CPU
		{870334B5-9DC7-453B-8E9F-E9FF227D34F4}.CodePlex|Any CPU.ActiveCfg = Release|Any CPU
		{870334B5-9DC7-453B-8E9F-E9FF227D34F4}.CodePlex|Any CPU.Build.0 = Release|Any CPU
		{870334B5-9DC7-453B-8E9F-E9FF227D34F4}.Debug|Any CPU.ActiveCfg = Debug|Any CPU
		{870334B5-9DC7-453B-8E9F-E9FF227D34F4}.Debug|Any CPU.Build.0 = Debug|Any CPU
		{870334B5-9DC7-453B-8E9F-E9FF227D34F4}.Release|Any CPU.ActiveCfg = Release|Any CPU
		{870334B5-9DC7-453B-8E9F-E9FF227D34F4}.Release|Any CPU.Build.0 = Release|Any CPU
		{3773D82B-F9F4-4D9A-907E-3BD2E5CBDF55}.CodePlex|Any CPU.ActiveCfg = Release|Any CPU
		{3773D82B-F9F4-4D9A-907E-3BD2E5CBDF55}.CodePlex|Any CPU.Build.0 = Release|Any CPU
		{3773D82B-F9F4-4D9A-907E-3BD2E5CBDF55}.Debug|Any CPU.ActiveCfg = Debug|Any CPU
		{3773D82B-F9F4-4D9A-907E-3BD2E5CBDF55}.Debug|Any CPU.Build.0 = Debug|Any CPU
		{3773D82B-F9F4-4D9A-907E-3BD2E5CBDF55}.Release|Any CPU.ActiveCfg = Release|Any CPU
		{3773D82B-F9F4-4D9A-907E-3BD2E5CBDF55}.Release|Any CPU.Build.0 = Release|Any CPU
		{F99548E8-95A5-4E41-A303-781651432F43}.CodePlex|Any CPU.ActiveCfg = Release|Any CPU
		{F99548E8-95A5-4E41-A303-781651432F43}.CodePlex|Any CPU.Build.0 = Release|Any CPU
		{F99548E8-95A5-4E41-A303-781651432F43}.Debug|Any CPU.ActiveCfg = Debug|Any CPU
		{F99548E8-95A5-4E41-A303-781651432F43}.Debug|Any CPU.Build.0 = Debug|Any CPU
		{F99548E8-95A5-4E41-A303-781651432F43}.Release|Any CPU.ActiveCfg = Release|Any CPU
		{F99548E8-95A5-4E41-A303-781651432F43}.Release|Any CPU.Build.0 = Release|Any CPU
		{59A0BAFA-32C0-44F6-A022-B7BA63CB1FC5}.CodePlex|Any CPU.ActiveCfg = Release|Any CPU
		{59A0BAFA-32C0-44F6-A022-B7BA63CB1FC5}.CodePlex|Any CPU.Build.0 = Release|Any CPU
		{59A0BAFA-32C0-44F6-A022-B7BA63CB1FC5}.Debug|Any CPU.ActiveCfg = Debug|Any CPU
		{59A0BAFA-32C0-44F6-A022-B7BA63CB1FC5}.Debug|Any CPU.Build.0 = Debug|Any CPU
		{59A0BAFA-32C0-44F6-A022-B7BA63CB1FC5}.Release|Any CPU.ActiveCfg = Release|Any CPU
		{59A0BAFA-32C0-44F6-A022-B7BA63CB1FC5}.Release|Any CPU.Build.0 = Release|Any CPU
		{2FCB6765-83BC-41E8-895E-6BD5E40F1291}.CodePlex|Any CPU.ActiveCfg = Release|Any CPU
		{2FCB6765-83BC-41E8-895E-6BD5E40F1291}.CodePlex|Any CPU.Build.0 = Release|Any CPU
		{2FCB6765-83BC-41E8-895E-6BD5E40F1291}.Debug|Any CPU.ActiveCfg = Debug|Any CPU
		{2FCB6765-83BC-41E8-895E-6BD5E40F1291}.Debug|Any CPU.Build.0 = Debug|Any CPU
		{2FCB6765-83BC-41E8-895E-6BD5E40F1291}.Release|Any CPU.ActiveCfg = Release|Any CPU
		{2FCB6765-83BC-41E8-895E-6BD5E40F1291}.Release|Any CPU.Build.0 = Release|Any CPU
		{F666F6DB-F6A0-4BA7-B619-E4FE26AAE8A8}.CodePlex|Any CPU.ActiveCfg = Release|Any CPU
		{F666F6DB-F6A0-4BA7-B619-E4FE26AAE8A8}.CodePlex|Any CPU.Build.0 = Release|Any CPU
		{F666F6DB-F6A0-4BA7-B619-E4FE26AAE8A8}.Debug|Any CPU.ActiveCfg = Debug|Any CPU
		{F666F6DB-F6A0-4BA7-B619-E4FE26AAE8A8}.Debug|Any CPU.Build.0 = Debug|Any CPU
		{F666F6DB-F6A0-4BA7-B619-E4FE26AAE8A8}.Release|Any CPU.ActiveCfg = Release|Any CPU
		{F666F6DB-F6A0-4BA7-B619-E4FE26AAE8A8}.Release|Any CPU.Build.0 = Release|Any CPU
		{84CECBAA-C2DA-4FAF-AB77-E54688BB2A11}.CodePlex|Any CPU.ActiveCfg = Release|Any CPU
		{84CECBAA-C2DA-4FAF-AB77-E54688BB2A11}.CodePlex|Any CPU.Build.0 = Release|Any CPU
		{84CECBAA-C2DA-4FAF-AB77-E54688BB2A11}.Debug|Any CPU.ActiveCfg = Debug|Any CPU
		{84CECBAA-C2DA-4FAF-AB77-E54688BB2A11}.Debug|Any CPU.Build.0 = Debug|Any CPU
		{84CECBAA-C2DA-4FAF-AB77-E54688BB2A11}.Release|Any CPU.ActiveCfg = Release|Any CPU
		{84CECBAA-C2DA-4FAF-AB77-E54688BB2A11}.Release|Any CPU.Build.0 = Release|Any CPU
		{BB21AD9B-37C3-4120-8AC5-236153A85E89}.CodePlex|Any CPU.ActiveCfg = Release|Any CPU
		{BB21AD9B-37C3-4120-8AC5-236153A85E89}.CodePlex|Any CPU.Build.0 = Release|Any CPU
		{BB21AD9B-37C3-4120-8AC5-236153A85E89}.Debug|Any CPU.ActiveCfg = Debug|Any CPU
		{BB21AD9B-37C3-4120-8AC5-236153A85E89}.Debug|Any CPU.Build.0 = Debug|Any CPU
		{BB21AD9B-37C3-4120-8AC5-236153A85E89}.Release|Any CPU.ActiveCfg = Release|Any CPU
		{BB21AD9B-37C3-4120-8AC5-236153A85E89}.Release|Any CPU.Build.0 = Release|Any CPU
		{C5BB5E4F-A9E8-41E0-BC8B-FBECC24F8E27}.CodePlex|Any CPU.ActiveCfg = Release|Any CPU
		{C5BB5E4F-A9E8-41E0-BC8B-FBECC24F8E27}.CodePlex|Any CPU.Build.0 = Release|Any CPU
		{C5BB5E4F-A9E8-41E0-BC8B-FBECC24F8E27}.Debug|Any CPU.ActiveCfg = Debug|Any CPU
		{C5BB5E4F-A9E8-41E0-BC8B-FBECC24F8E27}.Debug|Any CPU.Build.0 = Debug|Any CPU
		{C5BB5E4F-A9E8-41E0-BC8B-FBECC24F8E27}.Release|Any CPU.ActiveCfg = Release|Any CPU
		{C5BB5E4F-A9E8-41E0-BC8B-FBECC24F8E27}.Release|Any CPU.Build.0 = Release|Any CPU
		{5E0C79AD-5FEB-4D8E-9316-FB2656A61421}.CodePlex|Any CPU.ActiveCfg = Release|Any CPU
		{5E0C79AD-5FEB-4D8E-9316-FB2656A61421}.CodePlex|Any CPU.Build.0 = Release|Any CPU
		{5E0C79AD-5FEB-4D8E-9316-FB2656A61421}.Debug|Any CPU.ActiveCfg = Debug|Any CPU
		{5E0C79AD-5FEB-4D8E-9316-FB2656A61421}.Debug|Any CPU.Build.0 = Debug|Any CPU
		{5E0C79AD-5FEB-4D8E-9316-FB2656A61421}.Release|Any CPU.ActiveCfg = Release|Any CPU
		{5E0C79AD-5FEB-4D8E-9316-FB2656A61421}.Release|Any CPU.Build.0 = Release|Any CPU
		{FD338B65-6888-49F4-81A4-2666C94DC146}.CodePlex|Any CPU.ActiveCfg = Release|Any CPU
		{FD338B65-6888-49F4-81A4-2666C94DC146}.CodePlex|Any CPU.Build.0 = Release|Any CPU
		{FD338B65-6888-49F4-81A4-2666C94DC146}.Debug|Any CPU.ActiveCfg = Debug|Any CPU
		{FD338B65-6888-49F4-81A4-2666C94DC146}.Debug|Any CPU.Build.0 = Debug|Any CPU
		{FD338B65-6888-49F4-81A4-2666C94DC146}.Release|Any CPU.ActiveCfg = Release|Any CPU
		{FD338B65-6888-49F4-81A4-2666C94DC146}.Release|Any CPU.Build.0 = Release|Any CPU
		{4DBE30F1-5425-497B-A2EC-E0A368DFD498}.CodePlex|Any CPU.ActiveCfg = Release|Any CPU
		{4DBE30F1-5425-497B-A2EC-E0A368DFD498}.CodePlex|Any CPU.Build.0 = Release|Any CPU
		{4DBE30F1-5425-497B-A2EC-E0A368DFD498}.Debug|Any CPU.ActiveCfg = Debug|Any CPU
		{4DBE30F1-5425-497B-A2EC-E0A368DFD498}.Debug|Any CPU.Build.0 = Debug|Any CPU
		{4DBE30F1-5425-497B-A2EC-E0A368DFD498}.Release|Any CPU.ActiveCfg = Release|Any CPU
		{4DBE30F1-5425-497B-A2EC-E0A368DFD498}.Release|Any CPU.Build.0 = Release|Any CPU
		{058B8CAB-AFF4-4DC3-AD8A-8528B90A66F7}.CodePlex|Any CPU.ActiveCfg = Release|Any CPU
		{058B8CAB-AFF4-4DC3-AD8A-8528B90A66F7}.CodePlex|Any CPU.Build.0 = Release|Any CPU
		{058B8CAB-AFF4-4DC3-AD8A-8528B90A66F7}.Debug|Any CPU.ActiveCfg = Debug|Any CPU
		{058B8CAB-AFF4-4DC3-AD8A-8528B90A66F7}.Debug|Any CPU.Build.0 = Debug|Any CPU
		{058B8CAB-AFF4-4DC3-AD8A-8528B90A66F7}.Release|Any CPU.ActiveCfg = Release|Any CPU
		{058B8CAB-AFF4-4DC3-AD8A-8528B90A66F7}.Release|Any CPU.Build.0 = Release|Any CPU
	EndGlobalSection
	GlobalSection(SolutionProperties) = preSolution
		HideSolutionNode = FALSE
	EndGlobalSection
	GlobalSection(NestedProjects) = preSolution
		{FE1E6A23-35E4-43B3-B654-24246EF459BD} = {D6A4F10D-47A8-448C-BC0D-B98BAAC8827B}
		{2F4509C0-545C-4A58-85FD-30EE0E37412D} = {D6A4F10D-47A8-448C-BC0D-B98BAAC8827B}
		{2F15247F-A3DE-40A3-BFFB-48F8463C7EEB} = {D6A4F10D-47A8-448C-BC0D-B98BAAC8827B}
		{B0B9A3EF-0010-408C-8CBA-04A48A9209B9} = {D6A4F10D-47A8-448C-BC0D-B98BAAC8827B}
		{62F5465F-4A33-4A36-849D-2AACE896CDD6} = {D6A4F10D-47A8-448C-BC0D-B98BAAC8827B}
		{2D09646B-4420-4EF7-A0C7-D4DA4E6FBC71} = {D6A4F10D-47A8-448C-BC0D-B98BAAC8827B}
		{E59AD189-7484-40B5-AB58-62B2D17DA660} = {D6A4F10D-47A8-448C-BC0D-B98BAAC8827B}
		{CCF88D30-286C-46D4-835D-DF92C12F3E2B} = {D6A4F10D-47A8-448C-BC0D-B98BAAC8827B}
		{EB924AF8-1312-4258-AE8D-5188FBC2CF97} = {D6A4F10D-47A8-448C-BC0D-B98BAAC8827B}
		{5808CFD9-DF8E-4873-AF58-99BB4F11AE18} = {D6A4F10D-47A8-448C-BC0D-B98BAAC8827B}
		{CBF2F736-6162-4416-A373-4955E9723562} = {D6A4F10D-47A8-448C-BC0D-B98BAAC8827B}
		{31386E31-56C8-462D-A6FB-09C879FA1B0F} = {D6A4F10D-47A8-448C-BC0D-B98BAAC8827B}
		{AAD334B2-50A6-458E-8815-0D320E30C94D} = {D6A4F10D-47A8-448C-BC0D-B98BAAC8827B}
		{5135FDC4-25DB-4BDA-94B8-B7ADD0A11A4D} = {D6A4F10D-47A8-448C-BC0D-B98BAAC8827B}
		{762A60A6-2E05-4BF4-AB85-D64DB1DD3C46} = {1F67E193-5B75-4196-B29D-A8F02A9101D2}
		{27995C3C-8244-4805-BC86-E9DA44458096} = {1F67E193-5B75-4196-B29D-A8F02A9101D2}
		{60EEC367-790A-480A-95C9-2FCD574C57CC} = {1F67E193-5B75-4196-B29D-A8F02A9101D2}
		{D6203BED-4305-4584-9F97-2D4C43A2604C} = {1F67E193-5B75-4196-B29D-A8F02A9101D2}
		{6C66E53E-EC0D-427C-A8C9-4A59B5AA73D2} = {B2AF8824-52EC-41DF-880E-331FD4AF529A}
		{BF060A92-162C-4D04-8CB2-90BA348AF6BD} = {B2AF8824-52EC-41DF-880E-331FD4AF529A}
		{45384FB5-E5D6-4D84-AC6B-8CB1EA461458} = {B2AF8824-52EC-41DF-880E-331FD4AF529A}
		{0B4972C7-0E89-4A53-803B-1A2A1B20F246} = {B2AF8824-52EC-41DF-880E-331FD4AF529A}
		{870334B5-9DC7-453B-8E9F-E9FF227D34F4} = {B2AF8824-52EC-41DF-880E-331FD4AF529A}
		{3773D82B-F9F4-4D9A-907E-3BD2E5CBDF55} = {B6DDEBBF-8EBD-40A2-9D00-38CF581189CD}
		{F99548E8-95A5-4E41-A303-781651432F43} = {B2AF8824-52EC-41DF-880E-331FD4AF529A}
		{2FCB6765-83BC-41E8-895E-6BD5E40F1291} = {1F67E193-5B75-4196-B29D-A8F02A9101D2}
		{F666F6DB-F6A0-4BA7-B619-E4FE26AAE8A8} = {B2AF8824-52EC-41DF-880E-331FD4AF529A}
		{84CECBAA-C2DA-4FAF-AB77-E54688BB2A11} = {B2AF8824-52EC-41DF-880E-331FD4AF529A}
		{BB21AD9B-37C3-4120-8AC5-236153A85E89} = {B6DDEBBF-8EBD-40A2-9D00-38CF581189CD}
		{C5BB5E4F-A9E8-41E0-BC8B-FBECC24F8E27} = {B2AF8824-52EC-41DF-880E-331FD4AF529A}
		{5E0C79AD-5FEB-4D8E-9316-FB2656A61421} = {D6A4F10D-47A8-448C-BC0D-B98BAAC8827B}
		{FD338B65-6888-49F4-81A4-2666C94DC146} = {D6A4F10D-47A8-448C-BC0D-B98BAAC8827B}
		{4DBE30F1-5425-497B-A2EC-E0A368DFD498} = {D6A4F10D-47A8-448C-BC0D-B98BAAC8827B}
		{058B8CAB-AFF4-4DC3-AD8A-8528B90A66F7} = {D6A4F10D-47A8-448C-BC0D-B98BAAC8827B}
	EndGlobalSection
EndGlobal
